{
  "pins" : [
    {
      "identity" : "descriptors",
      "kind" : "remoteSourceControl",
      "location" : "https://github.com/FluidGroup/Descriptors",
      "state" : {
        "revision" : "f41ce2605a76c5d378fe8c5e8c5c98b544dfd108",
        "version" : "0.2.3"
      }
    },
    {
      "identity" : "rxswift",
      "kind" : "remoteSourceControl",
      "location" : "https://github.com/ReactiveX/RxSwift.git",
      "state" : {
        "revision" : "9dcaa4b333db437b0fbfaf453fad29069044a8b4",
        "version" : "6.6.0"
      }
    },
    {
      "identity" : "swift-case-paths",
      "kind" : "remoteSourceControl",
      "location" : "https://github.com/pointfreeco/swift-case-paths",
      "state" : {
        "revision" : "b4a872984463070c71e2e97e5c02c73a07d0fe36",
        "version" : "0.9.0"
      }
    },
    {
      "identity" : "texture",
      "kind" : "remoteSourceControl",
      "location" : "https://github.com/FluidGroup/Texture.git",
      "state" : {
        "branch" : "spm",
        "revision" : "17e0b467fe7360cfb29f2612785acf60e86775e9"
      }
    },
    {
      "identity" : "textureswiftsupport",
      "kind" : "remoteSourceControl",
      "location" : "https://github.com/FluidGroup/TextureSwiftSupport",
      "state" : {
        "revision" : "4fe38cfb8ab3a00fc9e792f4901955bc0ca711af"
      }
    }
  ],
  "version" : 2
}
